lockfileVersion: '9.0'

settings:
  autoInstallPeers: true
  excludeLinksFromLockfile: false

importers:

  .:
    dependencies:
      typescript:
        specifier: ^5.9.2
        version: 5.9.3

  packages/@devtoolcss-parser:
    devDependencies:
      devtools-protocol:
        specifier: ^0.0.1528500
        version: 0.0.1528500

packages:

  devtools-protocol@0.0.1528500:
    resolution: {integrity: sha512-zWbI0sZQngmekg5M5t585E03Ih/OaRyH58QR5lVgYZ5bkFyZP9EjcF+41lvl/OAwvo5JYzKOCqf4bwvIyKDOoQ==}

  typescript@5.9.3:
    resolution: {integrity: sha512-jl1vZzPDinLr9eUt3J/t7V6FgNEw9QjvBPdysz9KfQDD41fQrC2Y4vKQdiaUpFT4bXlb1RHhLpp8wtm6M5TgSw==}
    engines: {node: '>=14.17'}
    hasBin: true

snapshots:

  devtools-protocol@0.0.1528500: {}

  typescript@5.9.3: {}
